# This file is automatically @generated by Cargo.
# It is not intended for manual editing.
[[package]]
name = "core_plugin"
version = "0.1.0"
dependencies = [
 "plugin_api",
 "wasm_plugin_guest",
]

[[package]]
name = "nanoserde"
version = "0.1.25"
source = "registry+https://github.com/rust-lang/crates.io-index"
checksum = "1ae5894adc81d64b16f75ce8a67c994a6aa4b6e1c99f2920d22e0e575755d7e9"
dependencies = [
 "nanoserde-derive",
]

[[package]]
name = "nanoserde-derive"
version = "0.1.16"
source = "registry+https://github.com/rust-lang/crates.io-index"
checksum = "71c29c140bb2a43bdc554ca5a34ecfe678bb6e6c6a3dc8d6856852ba2c74f20f"

[[package]]
name = "plugin_api"
version = "0.1.0"
dependencies = [
 "nanoserde",
]

[[package]]
name = "proc-macro2"
version = "1.0.26"
source = "registry+https://github.com/rust-lang/crates.io-index"
checksum = "a152013215dca273577e18d2bf00fa862b89b24169fb78c4c95aeb07992c9cec"
dependencies = [
 "unicode-xid",
]

[[package]]
name = "quote"
version = "1.0.9"
source = "registry+https://github.com/rust-lang/crates.io-index"
checksum = "c3d0b9745dc2debf507c8422de05d7226cc1f0644216dfdfead988f9b1ab32a7"
dependencies = [
 "proc-macro2",
]

[[package]]
name = "syn"
version = "1.0.69"
source = "registry+https://github.com/rust-lang/crates.io-index"
checksum = "48fe99c6bd8b1cc636890bcc071842de909d902c81ac7dab53ba33c421ab8ffb"
dependencies = [
 "proc-macro2",
 "quote",
 "unicode-xid",
]

[[package]]
name = "unicode-xid"
version = "0.2.1"
source = "registry+https://github.com/rust-lang/crates.io-index"
checksum = "f7fe0bb3479651439c9112f72b6c505038574c9fbb575ed1bf3b797fa39dd564"

[[package]]
name = "wasm_plugin_guest"
version = "0.1.3"
source = "registry+https://github.com/rust-lang/crates.io-index"
checksum = "bb984f9537bc14cfce0113e376141bc0e9f707c2182feca30a7bb60eba537e94"
dependencies = [
 "nanoserde",
 "wasm_plugin_guest_derive",
]

[[package]]
name = "wasm_plugin_guest_derive"
version = "0.1.3"
source = "registry+https://github.com/rust-lang/crates.io-index"
checksum = "9731db24d89817f194b45cc3c5e7474a2f98b6842d1a6f7687bf246f565ebc09"
dependencies = [
 "proc-macro2",
 "quote",
 "syn",
]
